
Microsoft Visual Studio Solution File, Format Version 11.00
# Visual Studio 2010
Project("{FAE04EC0-301F-11D3-BF4B-00C04F79EFBC}") = "GemScopeWPF", "GemScopeWPF\GemScopeWPF.csproj", "{D90896E8-BCA3-48E3-AA43-86E39347347A}"
EndProject
Project("{FAE04EC0-301F-11D3-BF4B-00C04F79EFBC}") = "WPFMediaKit", "WPFMediaKit\WPFMediaKit.csproj", "{6030628D-EE93-4D61-B6BE-8B6AE99F3935}"
EndProject
Project("{FAE04EC0-301F-11D3-BF4B-00C04F79EFBC}") = "GemScopePasswordGenerator", "GemScopePasswordGenerator\GemScopePasswordGenerator.csproj", "{0F65FB2B-E601-44D5-A9D3-AFE6DC158617}"
EndProject
Project("{FAE04EC0-301F-11D3-BF4B-00C04F79EFBC}") = "GemScopeActivation", "GemScopeActivation\GemScopeActivation.csproj", "{26AE797D-1837-49B8-816C-62DB5C02F74F}"
EndProject
Project("{6141683F-8A12-4E36-9623-2EB02B2C2303}") = "SetupProject", "SetupProject\SetupProject.isproj", "{90EC334E-A224-46BB-9A43-834F0BE1BC22}"
	ProjectSection(ProjectDependencies) = postProject
		{D90896E8-BCA3-48E3-AA43-86E39347347A} = {D90896E8-BCA3-48E3-AA43-86E39347347A}
		{D90896E8-BCA3-48E3-AA43-86E39347347A} = {D90896E8-BCA3-48E3-AA43-86E39347347A}
		{D90896E8-BCA3-48E3-AA43-86E39347347A} = {D90896E8-BCA3-48E3-AA43-86E39347347A}
	EndProjectSection
EndProject
Project("{FAE04EC0-301F-11D3-BF4B-00C04F79EFBC}") = "CameraPauseTest", "CameraPauseTest\CameraPauseTest.csproj", "{F550373C-09BC-41B3-87AC-13EBC95BFD51}"
EndProject
Project("{54435603-DBB4-11D2-8724-00A0C9A8B90C}") = "GemscopeViewer", "GemscopeViewer\GemscopeViewer.vdproj", "{E4848A84-FBC4-427D-AF51-07C88261B5C5}"
EndProject
Project("{FAE04EC0-301F-11D3-BF4B-00C04F79EFBC}") = "PDFTest", "PDFTest\PDFTest.csproj", "{AD40087F-9F73-4CF8-9B71-D6FC86DFC8F4}"
EndProject
Global
	GlobalSection(SolutionConfigurationPlatforms) = preSolution
		CD_ROM|Any CPU = CD_ROM|Any CPU
		CD_ROM|Mixed Platforms = CD_ROM|Mixed Platforms
		CD_ROM|x86 = CD_ROM|x86
		Debug|Any CPU = Debug|Any CPU
		Debug|Mixed Platforms = Debug|Mixed Platforms
		Debug|x86 = Debug|x86
		DVD-5|Any CPU = DVD-5|Any CPU
		DVD-5|Mixed Platforms = DVD-5|Mixed Platforms
		DVD-5|x86 = DVD-5|x86
		Release|Any CPU = Release|Any CPU
		Release|Mixed Platforms = Release|Mixed Platforms
		Release|x86 = Release|x86
		SingleImage|Any CPU = SingleImage|Any CPU
		SingleImage|Mixed Platforms = SingleImage|Mixed Platforms
		SingleImage|x86 = SingleImage|x86
	EndGlobalSection
	GlobalSection(ProjectConfigurationPlatforms) = postSolution
		{D90896E8-BCA3-48E3-AA43-86E39347347A}.CD_ROM|Any CPU.ActiveCfg = Release|x86
		{D90896E8-BCA3-48E3-AA43-86E39347347A}.CD_ROM|Mixed Platforms.ActiveCfg = Release|x86
		{D90896E8-BCA3-48E3-AA43-86E39347347A}.CD_ROM|Mixed Platforms.Build.0 = Release|x86
		{D90896E8-BCA3-48E3-AA43-86E39347347A}.CD_ROM|x86.ActiveCfg = Release|x86
		{D90896E8-BCA3-48E3-AA43-86E39347347A}.CD_ROM|x86.Build.0 = Release|x86
		{D90896E8-BCA3-48E3-AA43-86E39347347A}.Debug|Any CPU.ActiveCfg = Debug|x86
		{D90896E8-BCA3-48E3-AA43-86E39347347A}.Debug|Mixed Platforms.ActiveCfg = Debug|x86
		{D90896E8-BCA3-48E3-AA43-86E39347347A}.Debug|Mixed Platforms.Build.0 = Debug|x86
		{D90896E8-BCA3-48E3-AA43-86E39347347A}.Debug|x86.ActiveCfg = Debug|x86
		{D90896E8-BCA3-48E3-AA43-86E39347347A}.Debug|x86.Build.0 = Debug|x86
		{D90896E8-BCA3-48E3-AA43-86E39347347A}.DVD-5|Any CPU.ActiveCfg = Debug|x86
		{D90896E8-BCA3-48E3-AA43-86E39347347A}.DVD-5|Mixed Platforms.ActiveCfg = Debug|x86
		{D90896E8-BCA3-48E3-AA43-86E39347347A}.DVD-5|Mixed Platforms.Build.0 = Debug|x86
		{D90896E8-BCA3-48E3-AA43-86E39347347A}.DVD-5|x86.ActiveCfg = Debug|x86
		{D90896E8-BCA3-48E3-AA43-86E39347347A}.DVD-5|x86.Build.0 = Debug|x86
		{D90896E8-BCA3-48E3-AA43-86E39347347A}.Release|Any CPU.ActiveCfg = Release|x86
		{D90896E8-BCA3-48E3-AA43-86E39347347A}.Release|Mixed Platforms.ActiveCfg = Release|x86
		{D90896E8-BCA3-48E3-AA43-86E39347347A}.Release|Mixed Platforms.Build.0 = Release|x86
		{D90896E8-BCA3-48E3-AA43-86E39347347A}.Release|x86.ActiveCfg = Release|x86
		{D90896E8-BCA3-48E3-AA43-86E39347347A}.Release|x86.Build.0 = Release|x86
		{D90896E8-BCA3-48E3-AA43-86E39347347A}.SingleImage|Any CPU.ActiveCfg = Release|x86
		{D90896E8-BCA3-48E3-AA43-86E39347347A}.SingleImage|Mixed Platforms.ActiveCfg = Release|x86
		{D90896E8-BCA3-48E3-AA43-86E39347347A}.SingleImage|Mixed Platforms.Build.0 = Release|x86
		{D90896E8-BCA3-48E3-AA43-86E39347347A}.SingleImage|x86.ActiveCfg = Release|x86
		{D90896E8-BCA3-48E3-AA43-86E39347347A}.SingleImage|x86.Build.0 = Release|x86
		{6030628D-EE93-4D61-B6BE-8B6AE99F3935}.CD_ROM|Any CPU.ActiveCfg = Release|Any CPU
		{6030628D-EE93-4D61-B6BE-8B6AE99F3935}.CD_ROM|Any CPU.Build.0 = Release|Any CPU
		{6030628D-EE93-4D61-B6BE-8B6AE99F3935}.CD_ROM|Mixed Platforms.ActiveCfg = Release|Any CPU
		{6030628D-EE93-4D61-B6BE-8B6AE99F3935}.CD_ROM|Mixed Platforms.Build.0 = Release|Any CPU
		{6030628D-EE93-4D61-B6BE-8B6AE99F3935}.CD_ROM|x86.ActiveCfg = Release|Any CPU
		{6030628D-EE93-4D61-B6BE-8B6AE99F3935}.Debug|Any CPU.ActiveCfg = Debug|Any CPU
		{6030628D-EE93-4D61-B6BE-8B6AE99F3935}.Debug|Any CPU.Build.0 = Debug|Any CPU
		{6030628D-EE93-4D61-B6BE-8B6AE99F3935}.Debug|Mixed Platforms.ActiveCfg = Debug|Any CPU
		{6030628D-EE93-4D61-B6BE-8B6AE99F3935}.Debug|Mixed Platforms.Build.0 = Debug|Any CPU
		{6030628D-EE93-4D61-B6BE-8B6AE99F3935}.Debug|x86.ActiveCfg = Debug|Any CPU
		{6030628D-EE93-4D61-B6BE-8B6AE99F3935}.Debug|x86.Build.0 = Debug|Any CPU
		{6030628D-EE93-4D61-B6BE-8B6AE99F3935}.DVD-5|Any CPU.ActiveCfg = Debug|Any CPU
		{6030628D-EE93-4D61-B6BE-8B6AE99F3935}.DVD-5|Any CPU.Build.0 = Debug|Any CPU
		{6030628D-EE93-4D61-B6BE-8B6AE99F3935}.DVD-5|Mixed Platforms.ActiveCfg = Debug|Any CPU
		{6030628D-EE93-4D61-B6BE-8B6AE99F3935}.DVD-5|Mixed Platforms.Build.0 = Debug|Any CPU
		{6030628D-EE93-4D61-B6BE-8B6AE99F3935}.DVD-5|x86.ActiveCfg = Debug|Any CPU
		{6030628D-EE93-4D61-B6BE-8B6AE99F3935}.Release|Any CPU.ActiveCfg = Release|Any CPU
		{6030628D-EE93-4D61-B6BE-8B6AE99F3935}.Release|Any CPU.Build.0 = Release|Any CPU
		{6030628D-EE93-4D61-B6BE-8B6AE99F3935}.Release|Mixed Platforms.ActiveCfg = Release|Any CPU
		{6030628D-EE93-4D61-B6BE-8B6AE99F3935}.Release|Mixed Platforms.Build.0 = Release|Any CPU
		{6030628D-EE93-4D61-B6BE-8B6AE99F3935}.Release|x86.ActiveCfg = Release|Any CPU
		{6030628D-EE93-4D61-B6BE-8B6AE99F3935}.SingleImage|Any CPU.ActiveCfg = Release|Any CPU
		{6030628D-EE93-4D61-B6BE-8B6AE99F3935}.SingleImage|Any CPU.Build.0 = Release|Any CPU
		{6030628D-EE93-4D61-B6BE-8B6AE99F3935}.SingleImage|Mixed Platforms.ActiveCfg = Release|Any CPU
		{6030628D-EE93-4D61-B6BE-8B6AE99F3935}.SingleImage|Mixed Platforms.Build.0 = Release|Any CPU
		{6030628D-EE93-4D61-B6BE-8B6AE99F3935}.SingleImage|x86.ActiveCfg = Release|Any CPU
		{0F65FB2B-E601-44D5-A9D3-AFE6DC158617}.CD_ROM|Any CPU.ActiveCfg = Release|x86
		{0F65FB2B-E601-44D5-A9D3-AFE6DC158617}.CD_ROM|Mixed Platforms.ActiveCfg = Release|x86
		{0F65FB2B-E601-44D5-A9D3-AFE6DC158617}.CD_ROM|Mixed Platforms.Build.0 = Release|x86
		{0F65FB2B-E601-44D5-A9D3-AFE6DC158617}.CD_ROM|x86.ActiveCfg = Release|x86
		{0F65FB2B-E601-44D5-A9D3-AFE6DC158617}.CD_ROM|x86.Build.0 = Release|x86
		{0F65FB2B-E601-44D5-A9D3-AFE6DC158617}.Debug|Any CPU.ActiveCfg = Debug|x86
		{0F65FB2B-E601-44D5-A9D3-AFE6DC158617}.Debug|Mixed Platforms.ActiveCfg = Debug|x86
		{0F65FB2B-E601-44D5-A9D3-AFE6DC158617}.Debug|x86.ActiveCfg = Debug|x86
		{0F65FB2B-E601-44D5-A9D3-AFE6DC158617}.DVD-5|Any CPU.ActiveCfg = Debug|x86
		{0F65FB2B-E601-44D5-A9D3-AFE6DC158617}.DVD-5|Mixed Platforms.ActiveCfg = Debug|x86
		{0F65FB2B-E601-44D5-A9D3-AFE6DC158617}.DVD-5|Mixed Platforms.Build.0 = Debug|x86
		{0F65FB2B-E601-44D5-A9D3-AFE6DC158617}.DVD-5|x86.ActiveCfg = Debug|x86
		{0F65FB2B-E601-44D5-A9D3-AFE6DC158617}.DVD-5|x86.Build.0 = Debug|x86
		{0F65FB2B-E601-44D5-A9D3-AFE6DC158617}.Release|Any CPU.ActiveCfg = Release|x86
		{0F65FB2B-E601-44D5-A9D3-AFE6DC158617}.Release|Mixed Platforms.ActiveCfg = Release|x86
		{0F65FB2B-E601-44D5-A9D3-AFE6DC158617}.Release|Mixed Platforms.Build.0 = Release|x86
		{0F65FB2B-E601-44D5-A9D3-AFE6DC158617}.Release|x86.ActiveCfg = Release|x86
		{0F65FB2B-E601-44D5-A9D3-AFE6DC158617}.Release|x86.Build.0 = Release|x86
		{0F65FB2B-E601-44D5-A9D3-AFE6DC158617}.SingleImage|Any CPU.ActiveCfg = Release|x86
		{0F65FB2B-E601-44D5-A9D3-AFE6DC158617}.SingleImage|Mixed Platforms.ActiveCfg = Release|x86
		{0F65FB2B-E601-44D5-A9D3-AFE6DC158617}.SingleImage|Mixed Platforms.Build.0 = Release|x86
		{0F65FB2B-E601-44D5-A9D3-AFE6DC158617}.SingleImage|x86.ActiveCfg = Release|x86
		{0F65FB2B-E601-44D5-A9D3-AFE6DC158617}.SingleImage|x86.Build.0 = Release|x86
		{26AE797D-1837-49B8-816C-62DB5C02F74F}.CD_ROM|Any CPU.ActiveCfg = Release|Any CPU
		{26AE797D-1837-49B8-816C-62DB5C02F74F}.CD_ROM|Any CPU.Build.0 = Release|Any CPU
		{26AE797D-1837-49B8-816C-62DB5C02F74F}.CD_ROM|Mixed Platforms.ActiveCfg = Release|Any CPU
		{26AE797D-1837-49B8-816C-62DB5C02F74F}.CD_ROM|Mixed Platforms.Build.0 = Release|Any CPU
		{26AE797D-1837-49B8-816C-62DB5C02F74F}.CD_ROM|x86.ActiveCfg = Release|Any CPU
		{26AE797D-1837-49B8-816C-62DB5C02F74F}.Debug|Any CPU.ActiveCfg = Debug|Any CPU
		{26AE797D-1837-49B8-816C-62DB5C02F74F}.Debug|Any CPU.Build.0 = Debug|Any CPU
		{26AE797D-1837-49B8-816C-62DB5C02F74F}.Debug|Mixed Platforms.ActiveCfg = Debug|Any CPU
		{26AE797D-1837-49B8-816C-62DB5C02F74F}.Debug|x86.ActiveCfg = Debug|Any CPU
		{26AE797D-1837-49B8-816C-62DB5C02F74F}.DVD-5|Any CPU.ActiveCfg = Debug|Any CPU
		{26AE797D-1837-49B8-816C-62DB5C02F74F}.DVD-5|Any CPU.Build.0 = Debug|Any CPU
		{26AE797D-1837-49B8-816C-62DB5C02F74F}.DVD-5|Mixed Platforms.ActiveCfg = Debug|Any CPU
		{26AE797D-1837-49B8-816C-62DB5C02F74F}.DVD-5|Mixed Platforms.Build.0 = Debug|Any CPU
		{26AE797D-1837-49B8-816C-62DB5C02F74F}.DVD-5|x86.ActiveCfg = Debug|Any CPU
		{26AE797D-1837-49B8-816C-62DB5C02F74F}.Release|Any CPU.ActiveCfg = Release|Any CPU
		{26AE797D-1837-49B8-816C-62DB5C02F74F}.Release|Any CPU.Build.0 = Release|Any CPU
		{26AE797D-1837-49B8-816C-62DB5C02F74F}.Release|Mixed Platforms.ActiveCfg = Release|Any CPU
		{26AE797D-1837-49B8-816C-62DB5C02F74F}.Release|Mixed Platforms.Build.0 = Release|Any CPU
		{26AE797D-1837-49B8-816C-62DB5C02F74F}.Release|x86.ActiveCfg = Release|Any CPU
		{26AE797D-1837-49B8-816C-62DB5C02F74F}.SingleImage|Any CPU.ActiveCfg = Release|Any CPU
		{26AE797D-1837-49B8-816C-62DB5C02F74F}.SingleImage|Any CPU.Build.0 = Release|Any CPU
		{26AE797D-1837-49B8-816C-62DB5C02F74F}.SingleImage|Mixed Platforms.ActiveCfg = Release|Any CPU
		{26AE797D-1837-49B8-816C-62DB5C02F74F}.SingleImage|Mixed Platforms.Build.0 = Release|Any CPU
		{26AE797D-1837-49B8-816C-62DB5C02F74F}.SingleImage|x86.ActiveCfg = Release|Any CPU
		{90EC334E-A224-46BB-9A43-834F0BE1BC22}.CD_ROM|Any CPU.ActiveCfg = CD_ROM
		{90EC334E-A224-46BB-9A43-834F0BE1BC22}.CD_ROM|Any CPU.Build.0 = CD_ROM
		{90EC334E-A224-46BB-9A43-834F0BE1BC22}.CD_ROM|Mixed Platforms.ActiveCfg = CD_ROM
		{90EC334E-A224-46BB-9A43-834F0BE1BC22}.CD_ROM|Mixed Platforms.Build.0 = CD_ROM
		{90EC334E-A224-46BB-9A43-834F0BE1BC22}.CD_ROM|x86.ActiveCfg = CD_ROM
		{90EC334E-A224-46BB-9A43-834F0BE1BC22}.CD_ROM|x86.Build.0 = CD_ROM
		{90EC334E-A224-46BB-9A43-834F0BE1BC22}.Debug|Any CPU.ActiveCfg = DVD-5
		{90EC334E-A224-46BB-9A43-834F0BE1BC22}.Debug|Any CPU.Build.0 = DVD-5
		{90EC334E-A224-46BB-9A43-834F0BE1BC22}.Debug|Mixed Platforms.ActiveCfg = DVD-5
		{90EC334E-A224-46BB-9A43-834F0BE1BC22}.Debug|Mixed Platforms.Build.0 = DVD-5
		{90EC334E-A224-46BB-9A43-834F0BE1BC22}.Debug|x86.ActiveCfg = DVD-5
		{90EC334E-A224-46BB-9A43-834F0BE1BC22}.Debug|x86.Build.0 = DVD-5
		{90EC334E-A224-46BB-9A43-834F0BE1BC22}.DVD-5|Any CPU.ActiveCfg = DVD-5
		{90EC334E-A224-46BB-9A43-834F0BE1BC22}.DVD-5|Any CPU.Build.0 = DVD-5
		{90EC334E-A224-46BB-9A43-834F0BE1BC22}.DVD-5|Mixed Platforms.ActiveCfg = DVD-5
		{90EC334E-A224-46BB-9A43-834F0BE1BC22}.DVD-5|Mixed Platforms.Build.0 = DVD-5
		{90EC334E-A224-46BB-9A43-834F0BE1BC22}.DVD-5|x86.ActiveCfg = DVD-5
		{90EC334E-A224-46BB-9A43-834F0BE1BC22}.DVD-5|x86.Build.0 = DVD-5
		{90EC334E-A224-46BB-9A43-834F0BE1BC22}.Release|Any CPU.ActiveCfg = SingleImage
		{90EC334E-A224-46BB-9A43-834F0BE1BC22}.Release|Any CPU.Build.0 = SingleImage
		{90EC334E-A224-46BB-9A43-834F0BE1BC22}.Release|Mixed Platforms.ActiveCfg = SingleImage
		{90EC334E-A224-46BB-9A43-834F0BE1BC22}.Release|Mixed Platforms.Build.0 = SingleImage
		{90EC334E-A224-46BB-9A43-834F0BE1BC22}.Release|x86.ActiveCfg = SingleImage
		{90EC334E-A224-46BB-9A43-834F0BE1BC22}.Release|x86.Build.0 = SingleImage
		{90EC334E-A224-46BB-9A43-834F0BE1BC22}.SingleImage|Any CPU.ActiveCfg = SingleImage
		{90EC334E-A224-46BB-9A43-834F0BE1BC22}.SingleImage|Any CPU.Build.0 = SingleImage
		{90EC334E-A224-46BB-9A43-834F0BE1BC22}.SingleImage|Mixed Platforms.ActiveCfg = SingleImage
		{90EC334E-A224-46BB-9A43-834F0BE1BC22}.SingleImage|Mixed Platforms.Build.0 = SingleImage
		{90EC334E-A224-46BB-9A43-834F0BE1BC22}.SingleImage|x86.ActiveCfg = SingleImage
		{90EC334E-A224-46BB-9A43-834F0BE1BC22}.SingleImage|x86.Build.0 = SingleImage
		{F550373C-09BC-41B3-87AC-13EBC95BFD51}.CD_ROM|Any CPU.ActiveCfg = Release|x86
		{F550373C-09BC-41B3-87AC-13EBC95BFD51}.CD_ROM|Mixed Platforms.ActiveCfg = Release|x86
		{F550373C-09BC-41B3-87AC-13EBC95BFD51}.CD_ROM|Mixed Platforms.Build.0 = Release|x86
		{F550373C-09BC-41B3-87AC-13EBC95BFD51}.CD_ROM|x86.ActiveCfg = Release|x86
		{F550373C-09BC-41B3-87AC-13EBC95BFD51}.CD_ROM|x86.Build.0 = Release|x86
		{F550373C-09BC-41B3-87AC-13EBC95BFD51}.Debug|Any CPU.ActiveCfg = Debug|x86
		{F550373C-09BC-41B3-87AC-13EBC95BFD51}.Debug|Mixed Platforms.ActiveCfg = Debug|x86
		{F550373C-09BC-41B3-87AC-13EBC95BFD51}.Debug|Mixed Platforms.Build.0 = Debug|x86
		{F550373C-09BC-41B3-87AC-13EBC95BFD51}.Debug|x86.ActiveCfg = Debug|x86
		{F550373C-09BC-41B3-87AC-13EBC95BFD51}.DVD-5|Any CPU.ActiveCfg = Debug|x86
		{F550373C-09BC-41B3-87AC-13EBC95BFD51}.DVD-5|Mixed Platforms.ActiveCfg = Debug|x86
		{F550373C-09BC-41B3-87AC-13EBC95BFD51}.DVD-5|Mixed Platforms.Build.0 = Debug|x86
		{F550373C-09BC-41B3-87AC-13EBC95BFD51}.DVD-5|x86.ActiveCfg = Debug|x86
		{F550373C-09BC-41B3-87AC-13EBC95BFD51}.DVD-5|x86.Build.0 = Debug|x86
		{F550373C-09BC-41B3-87AC-13EBC95BFD51}.Release|Any CPU.ActiveCfg = Release|x86
		{F550373C-09BC-41B3-87AC-13EBC95BFD51}.Release|Mixed Platforms.ActiveCfg = Release|x86
		{F550373C-09BC-41B3-87AC-13EBC95BFD51}.Release|Mixed Platforms.Build.0 = Release|x86
		{F550373C-09BC-41B3-87AC-13EBC95BFD51}.Release|x86.ActiveCfg = Release|x86
		{F550373C-09BC-41B3-87AC-13EBC95BFD51}.Release|x86.Build.0 = Release|x86
		{F550373C-09BC-41B3-87AC-13EBC95BFD51}.SingleImage|Any CPU.ActiveCfg = Release|x86
		{F550373C-09BC-41B3-87AC-13EBC95BFD51}.SingleImage|Mixed Platforms.ActiveCfg = Release|x86
		{F550373C-09BC-41B3-87AC-13EBC95BFD51}.SingleImage|Mixed Platforms.Build.0 = Release|x86
		{F550373C-09BC-41B3-87AC-13EBC95BFD51}.SingleImage|x86.ActiveCfg = Release|x86
		{F550373C-09BC-41B3-87AC-13EBC95BFD51}.SingleImage|x86.Build.0 = Release|x86
		{E4848A84-FBC4-427D-AF51-07C88261B5C5}.CD_ROM|Any CPU.ActiveCfg = Release
		{E4848A84-FBC4-427D-AF51-07C88261B5C5}.CD_ROM|Mixed Platforms.ActiveCfg = Release
		{E4848A84-FBC4-427D-AF51-07C88261B5C5}.CD_ROM|x86.ActiveCfg = Release
		{E4848A84-FBC4-427D-AF51-07C88261B5C5}.Debug|Any CPU.ActiveCfg = Debug
		{E4848A84-FBC4-427D-AF51-07C88261B5C5}.Debug|Mixed Platforms.ActiveCfg = Debug
		{E4848A84-FBC4-427D-AF51-07C88261B5C5}.Debug|x86.ActiveCfg = Debug
		{E4848A84-FBC4-427D-AF51-07C88261B5C5}.Debug|x86.Build.0 = Debug
		{E4848A84-FBC4-427D-AF51-07C88261B5C5}.DVD-5|Any CPU.ActiveCfg = Debug
		{E4848A84-FBC4-427D-AF51-07C88261B5C5}.DVD-5|Mixed Platforms.ActiveCfg = Debug
		{E4848A84-FBC4-427D-AF51-07C88261B5C5}.DVD-5|x86.ActiveCfg = Debug
		{E4848A84-FBC4-427D-AF51-07C88261B5C5}.Release|Any CPU.ActiveCfg = Release
		{E4848A84-FBC4-427D-AF51-07C88261B5C5}.Release|Mixed Platforms.ActiveCfg = Release
		{E4848A84-FBC4-427D-AF51-07C88261B5C5}.Release|x86.ActiveCfg = Release
		{E4848A84-FBC4-427D-AF51-07C88261B5C5}.SingleImage|Any CPU.ActiveCfg = Release
		{E4848A84-FBC4-427D-AF51-07C88261B5C5}.SingleImage|Mixed Platforms.ActiveCfg = Release
		{E4848A84-FBC4-427D-AF51-07C88261B5C5}.SingleImage|x86.ActiveCfg = Release
		{AD40087F-9F73-4CF8-9B71-D6FC86DFC8F4}.CD_ROM|Any CPU.ActiveCfg = Release|x86
		{AD40087F-9F73-4CF8-9B71-D6FC86DFC8F4}.CD_ROM|Mixed Platforms.ActiveCfg = Release|x86
		{AD40087F-9F73-4CF8-9B71-D6FC86DFC8F4}.CD_ROM|Mixed Platforms.Build.0 = Release|x86
		{AD40087F-9F73-4CF8-9B71-D6FC86DFC8F4}.CD_ROM|x86.ActiveCfg = Release|x86
		{AD40087F-9F73-4CF8-9B71-D6FC86DFC8F4}.CD_ROM|x86.Build.0 = Release|x86
		{AD40087F-9F73-4CF8-9B71-D6FC86DFC8F4}.Debug|Any CPU.ActiveCfg = Debug|x86
		{AD40087F-9F73-4CF8-9B71-D6FC86DFC8F4}.Debug|Mixed Platforms.ActiveCfg = Debug|x86
		{AD40087F-9F73-4CF8-9B71-D6FC86DFC8F4}.Debug|Mixed Platforms.Build.0 = Debug|x86
		{AD40087F-9F73-4CF8-9B71-D6FC86DFC8F4}.Debug|x86.ActiveCfg = Debug|x86
		{AD40087F-9F73-4CF8-9B71-D6FC86DFC8F4}.Debug|x86.Build.0 = Debug|x86
		{AD40087F-9F73-4CF8-9B71-D6FC86DFC8F4}.DVD-5|Any CPU.ActiveCfg = Debug|x86
		{AD40087F-9F73-4CF8-9B71-D6FC86DFC8F4}.DVD-5|Mixed Platforms.ActiveCfg = Debug|x86
		{AD40087F-9F73-4CF8-9B71-D6FC86DFC8F4}.DVD-5|Mixed Platforms.Build.0 = Debug|x86
		{AD40087F-9F73-4CF8-9B71-D6FC86DFC8F4}.DVD-5|x86.ActiveCfg = Debug|x86
		{AD40087F-9F73-4CF8-9B71-D6FC86DFC8F4}.DVD-5|x86.Build.0 = Debug|x86
		{AD40087F-9F73-4CF8-9B71-D6FC86DFC8F4}.Release|Any CPU.ActiveCfg = Release|x86
		{AD40087F-9F73-4CF8-9B71-D6FC86DFC8F4}.Release|Mixed Platforms.ActiveCfg = Release|x86
		{AD40087F-9F73-4CF8-9B71-D6FC86DFC8F4}.Release|Mixed Platforms.Build.0 = Release|x86
		{AD40087F-9F73-4CF8-9B71-D6FC86DFC8F4}.Release|x86.ActiveCfg = Release|x86
		{AD40087F-9F73-4CF8-9B71-D6FC86DFC8F4}.Release|x86.Build.0 = Release|x86
		{AD40087F-9F73-4CF8-9B71-D6FC86DFC8F4}.SingleImage|Any CPU.ActiveCfg = Release|x86
		{AD40087F-9F73-4CF8-9B71-D6FC86DFC8F4}.SingleImage|Mixed Platforms.ActiveCfg = Release|x86
		{AD40087F-9F73-4CF8-9B71-D6FC86DFC8F4}.SingleImage|Mixed Platforms.Build.0 = Release|x86
		{AD40087F-9F73-4CF8-9B71-D6FC86DFC8F4}.SingleImage|x86.ActiveCfg = Release|x86
		{AD40087F-9F73-4CF8-9B71-D6FC86DFC8F4}.SingleImage|x86.Build.0 = Release|x86
	EndGlobalSection
	GlobalSection(SolutionProperties) = preSolution
		HideSolutionNode = FALSE
	EndGlobalSection
EndGlobal
